
Microsoft Visual Studio Solution File, Format Version 12.00
# Visual Studio 15
VisualStudioVersion = 15.0.27703.2042
MinimumVisualStudioVersion = 10.0.40219.1
Project("{FAE04EC0-301F-11D3-BF4B-00C04F79EFBC}") = "krishanduttsharma.in", "krishanduttsharma.in\krishanduttsharma.in.csproj", "{0F628F23-DEBC-4F02-B50D-F41F3D0B6EB7}"
EndProject
Global
	GlobalSection(SolutionConfigurationPlatforms) = preSolution
		Debug|Any CPU = Debug|Any CPU
		Release|Any CPU = Release|Any CPU
	EndGlobalSection
	GlobalSection(ProjectConfigurationPlatforms) = postSolution
		{0F628F23-DEBC-4F02-B50D-F41F3D0B6EB7}.Debug|Any CPU.ActiveCfg = Debug|Any CPU
		{0F628F23-DEBC-4F02-B50D-F41F3D0B6EB7}.Debug|Any CPU.Build.0 = Debug|Any CPU
		{0F628F23-DEBC-4F02-B50D-F41F3D0B6EB7}.Release|Any CPU.ActiveCfg = Release|Any CPU
		{0F628F23-DEBC-4F02-B50D-F41F3D0B6EB7}.Release|Any CPU.Build.0 = Release|Any CPU
	EndGlobalSection
	GlobalSection(SolutionProperties) = preSolution
		HideSolutionNode = FALSE
	EndGlobalSection
	GlobalSection(ExtensibilityGlobals) = postSolution
		SolutionGuid = {2AADA756-777A-4E49-9751-9729B6F69E73}
	EndGlobalSection
EndGlobal
